
Microsoft Visual Studio Solution File, Format Version 12.00
# Visual Studio Version 17
VisualStudioVersion = 17.6.33829.357
MinimumVisualStudioVersion = 10.0.40219.1
Project("{FAE04EC0-301F-11D3-BF4B-00C04F79EFBC}") = "bootstrap", "bootstrap\bootstrap.csproj", "{A6BA8E22-0AE1-4605-9026-2011227CF986}"
EndProject
Global
	GlobalSection(SolutionConfigurationPlatforms) = preSolution
		Debug|Any CPU = Debug|Any CPU
		Release|Any CPU = Release|Any CPU
	EndGlobalSection
	GlobalSection(ProjectConfigurationPlatforms) = postSolution
		{A6BA8E22-0AE1-4605-9026-2011227CF986}.Debug|Any CPU.ActiveCfg = Debug|Any CPU
		{A6BA8E22-0AE1-4605-9026-2011227CF986}.Debug|Any CPU.Build.0 = Debug|Any CPU
		{A6BA8E22-0AE1-4605-9026-2011227CF986}.Release|Any CPU.ActiveCfg = Release|Any CPU
		{A6BA8E22-0AE1-4605-9026-2011227CF986}.Release|Any CPU.Build.0 = Release|Any CPU
	EndGlobalSection
	GlobalSection(SolutionProperties) = preSolution
		HideSolutionNode = FALSE
	EndGlobalSection
	GlobalSection(ExtensibilityGlobals) = postSolution
		SolutionGuid = {D0B1585E-64E9-4480-856C-B575276A83C2}
	EndGlobalSection
EndGlobal
